
Microsoft Visual Studio Solution File, Format Version 12.00
# Visual Studio Version 17
VisualStudioVersion = 17.0.31903.59
MinimumVisualStudioVersion = 10.0.40219.1
Project("{FAE04EC0-301F-11D3-BF4B-00C04F79EFBC}") = "CursorCleaner", "CursorCleaner\CursorCleaner.csproj", "{28554B31-88E0-420D-A3A5-00E2A93284D3}"
EndProject
Project("{FAE04EC0-301F-11D3-BF4B-00C04F79EFBC}") = "CursorCleaner.Tests", "CursorCleaner.Tests\CursorCleaner.Tests.csproj", "{BE95618F-6863-4383-919D-3825814BB89F}"
EndProject
Global
	GlobalSection(SolutionConfigurationPlatforms) = preSolution
		Debug|Any CPU = Debug|Any CPU
		Release|Any CPU = Release|Any CPU
	EndGlobalSection
	GlobalSection(SolutionProperties) = preSolution
		HideSolutionNode = FALSE
	EndGlobalSection
	GlobalSection(ProjectConfigurationPlatforms) = postSolution
		{28554B31-88E0-420D-A3A5-00E2A93284D3}.Debug|Any CPU.ActiveCfg = Debug|Any CPU
		{28554B31-88E0-420D-A3A5-00E2A93284D3}.Debug|Any CPU.Build.0 = Debug|Any CPU
		{28554B31-88E0-420D-A3A5-00E2A93284D3}.Release|Any CPU.ActiveCfg = Release|Any CPU
		{28554B31-88E0-420D-A3A5-00E2A93284D3}.Release|Any CPU.Build.0 = Release|Any CPU
		{BE95618F-6863-4383-919D-3825814BB89F}.Debug|Any CPU.ActiveCfg = Debug|Any CPU
		{BE95618F-6863-4383-919D-3825814BB89F}.Debug|Any CPU.Build.0 = Debug|Any CPU
		{BE95618F-6863-4383-919D-3825814BB89F}.Release|Any CPU.ActiveCfg = Release|Any CPU
		{BE95618F-6863-4383-919D-3825814BB89F}.Release|Any CPU.Build.0 = Release|Any CPU
	EndGlobalSection
EndGlobal
